{
  "name": "oct-donors-to-csv",
  "version": "0.0.1",
  "lockfileVersion": 3,
  "requires": true,
  "packages": {
    "": {
      "name": "oct-donors-to-csv",
      "version": "0.0.1",
      "license": "MIT",
      "dependencies": {
        "@json2csv/plainjs": "^7.0.6",
        "country-iso-3-to-2": "^1.1.1",
        "fast-xml-parser": "^4.5.0"
      }
    },
    "node_modules/@json2csv/formatters": {
      "version": "7.0.6",
      "resolved": "https://registry.npmjs.org/@json2csv/formatters/-/formatters-7.0.6.tgz",
      "integrity": "sha512-hjIk1H1TR4ydU5ntIENEPgoMGW+Q7mJ+537sDFDbsk+Y3EPl2i4NfFVjw0NJRgT+ihm8X30M67mA8AS6jPidSA==",
      "license": "MIT"
    },
    "node_modules/@json2csv/plainjs": {
      "version": "7.0.6",
      "resolved": "https://registry.npmjs.org/@json2csv/plainjs/-/plainjs-7.0.6.tgz",
      "integrity": "sha512-4Md7RPDCSYpmW1HWIpWBOqCd4vWfIqm53S3e/uzQ62iGi7L3r34fK/8nhOMEe+/eVfCx8+gdSCt1d74SlacQHw==",
      "license": "MIT",
      "dependencies": {
        "@json2csv/formatters": "^7.0.6",
        "@streamparser/json": "^0.0.20"
      }
    },
    "node_modules/@streamparser/json": {
      "version": "0.0.20",
      "resolved": "https://registry.npmjs.org/@streamparser/json/-/json-0.0.20.tgz",
      "integrity": "sha512-VqAAkydywPpkw63WQhPVKCD3SdwXuihCUVZbbiY3SfSTGQyHmwRoq27y4dmJdZuJwd5JIlQoMPyGvMbUPY0RKQ==",
      "license": "MIT"
    },
    "node_modules/country-iso-3-to-2": {
      "version": "1.1.1",
      "resolved": "https://registry.npmjs.org/country-iso-3-to-2/-/country-iso-3-to-2-1.1.1.tgz",
      "integrity": "sha512-nirmbzPq5vt40WT9YWrWEvruxNt3h0g/h/k5umfo1ctq0ncw4Kwjd3+MKVL1vp5W5npb/fc3gv4E62xa/PZDiA==",
      "license": "MIT"
    },
    "node_modules/fast-xml-parser": {
      "version": "4.5.0",
      "resolved": "https://registry.npmjs.org/fast-xml-parser/-/fast-xml-parser-4.5.0.tgz",
      "integrity": "sha512-/PlTQCI96+fZMAOLMZK4CWG1ItCbfZ/0jx7UIJFChPNrx7tcEgerUgWbeieCM9MfHInUDyK8DWYZ+YrywDJuTg==",
      "funding": [
        {
          "type": "github",
          "url": "https://github.com/sponsors/NaturalIntelligence"
        },
        {
          "type": "paypal",
          "url": "https://paypal.me/naturalintelligence"
        }
      ],
      "license": "MIT",
      "dependencies": {
        "strnum": "^1.0.5"
      },
      "bin": {
        "fxparser": "src/cli/cli.js"
      }
    },
    "node_modules/strnum": {
      "version": "1.0.5",
      "resolved": "https://registry.npmjs.org/strnum/-/strnum-1.0.5.tgz",
      "integrity": "sha512-J8bbNyKKXl5qYcR36TIO8W3mVGVHrmmxsd5PAItGkmyzwJvybiw2IVq5nqd0i4LSNSkB/sx9VHllbfFdr9k1JA==",
      "license": "MIT"
    }
  }
}
